
Microsoft Visual Studio Solution File, Format Version 12.00
# Visual Studio Version 17
VisualStudioVersion = 17.5.33516.290
MinimumVisualStudioVersion = 10.0.40219.1
Project("{FAE04EC0-301F-11D3-BF4B-00C04F79EFBC}") = "Remove_Watermark_PDF", "Remove_Watermark_PDF\Remove_Watermark_PDF.csproj", "{0B806AF8-47B4-4CAD-8A5C-77ABB030E8B6}"
EndProject
Global
	GlobalSection(SolutionConfigurationPlatforms) = preSolution
		Debug|Any CPU = Debug|Any CPU
		Release|Any CPU = Release|Any CPU
	EndGlobalSection
	GlobalSection(ProjectConfigurationPlatforms) = postSolution
		{0B806AF8-47B4-4CAD-8A5C-77ABB030E8B6}.Debug|Any CPU.ActiveCfg = Debug|Any CPU
		{0B806AF8-47B4-4CAD-8A5C-77ABB030E8B6}.Debug|Any CPU.Build.0 = Debug|Any CPU
		{0B806AF8-47B4-4CAD-8A5C-77ABB030E8B6}.Release|Any CPU.ActiveCfg = Release|Any CPU
		{0B806AF8-47B4-4CAD-8A5C-77ABB030E8B6}.Release|Any CPU.Build.0 = Release|Any CPU
	EndGlobalSection
	GlobalSection(SolutionProperties) = preSolution
		HideSolutionNode = FALSE
	EndGlobalSection
	GlobalSection(ExtensibilityGlobals) = postSolution
		SolutionGuid = {B46FF857-876D-407E-B86F-B3594EF1E151}
	EndGlobalSection
EndGlobal
